// !$*UTF8*$!
{
	archiveVersion = 1;
	classes = {
	};
	objectVersion = 55;
	objects = {

/* Begin PBXBuildFile section */
		4C9DF9B5286652A900203721 /* AppDelegate.swift in Sources */ = {isa = PBXBuildFile; fileRef = 4C9DF9B4286652A900203721 /* AppDelegate.swift */; };
		4C9DF9B7286652A900203721 /* SceneDelegate.swift in Sources */ = {isa = PBXBuildFile; fileRef = 4C9DF9B6286652A900203721 /* SceneDelegate.swift */; };
		4C9DF9B9286652A900203721 /* ViewController.swift in Sources */ = {isa = PBXBuildFile; fileRef = 4C9DF9B8286652A900203721 /* ViewController.swift */; };
		4C9DF9BE286652A900203721 /* Assets.xcassets in Resources */ = {isa = PBXBuildFile; fileRef = 4C9DF9BD286652A900203721 /* Assets.xcassets */; };
		4C9DF9C1286652A900203721 /* LaunchScreen.storyboard in Resources */ = {isa = PBXBuildFile; fileRef = 4C9DF9BF286652A900203721 /* LaunchScreen.storyboard */; };
		4C9DF9C92866531800203721 /* GoogleService-Info.plist in Resources */ = {isa = PBXBuildFile; fileRef = 4C9DF9C82866531800203721 /* GoogleService-Info.plist */; };
		4C9DF9CC2866537900203721 /* FirebaseAnalytics in Frameworks */ = {isa = PBXBuildFile; productRef = 4C9DF9CB2866537900203721 /* FirebaseAnalytics */; };
		4C9DF9CE2866537900203721 /* FirebaseAuth in Frameworks */ = {isa = PBXBuildFile; productRef = 4C9DF9CD2866537900203721 /* FirebaseAuth */; };
		4C9DF9D02866537900203721 /* FirebaseDatabase in Frameworks */ = {isa = PBXBuildFile; productRef = 4C9DF9CF2866537900203721 /* FirebaseDatabase */; };
		4C9DF9D22866537900203721 /* FirebaseFirestore in Frameworks */ = {isa = PBXBuildFile; productRef = 4C9DF9D12866537900203721 /* FirebaseFirestore */; };
		4C9DF9D42866537900203721 /* FirebaseInAppMessaging-Beta in Frameworks */ = {isa = PBXBuildFile; productRef = 4C9DF9D32866537900203721 /* FirebaseInAppMessaging-Beta */; };
/* End PBXBuildFile section */

/* Begin PBXFileReference section */
		4C9DF9B1286652A900203721 /* OZLive.app */ = {isa = PBXFileReference; explicitFileType = wrapper.application; includeInIndex = 0; path = OZLive.app; sourceTree = BUILT_PRODUCTS_DIR; };
		4C9DF9B4286652A900203721 /* AppDelegate.swift */ = {isa = PBXFileReference; lastKnownFileType = sourcecode.swift; path = AppDelegate.swift; sourceTree = "<group>"; };
		4C9DF9B6286652A900203721 /* SceneDelegate.swift */ = {isa = PBXFileReference; lastKnownFileType = sourcecode.swift; path = SceneDelegate.swift; sourceTree = "<group>"; };
		4C9DF9B8286652A900203721 /* ViewController.swift */ = {isa = PBXFileReference; lastKnownFileType = sourcecode.swift; path = ViewController.swift; sourceTree = "<group>"; };
		4C9DF9BD286652A900203721 /* Assets.xcassets */ = {isa = PBXFileReference; lastKnownFileType = folder.assetcatalog; path = Assets.xcassets; sourceTree = "<group>"; };
		4C9DF9C0286652A900203721 /* Base */ = {isa = PBXFileReference; lastKnownFileType = file.storyboard; name = Base; path = Base.lproj/LaunchScreen.storyboard; sourceTree = "<group>"; };
		4C9DF9C2286652A900203721 /* Info.plist */ = {isa = PBXFileReference; lastKnownFileType = text.plist.xml; path = Info.plist; sourceTree = "<group>"; };
		4C9DF9C82866531800203721 /* GoogleService-Info.plist */ = {isa = PBXFileReference; fileEncoding = 4; lastKnownFileType = text.plist.xml; path = "GoogleService-Info.plist"; sourceTree = "<group>"; };
/* End PBXFileReference section */

/* Begin PBXFrameworksBuildPhase section */
		4C9DF9AE286652A900203721 /* Frameworks */ = {
			isa = PBXFrameworksBuildPhase;
			buildActionMask = 2147483647;
			files = (
				4C9DF9D02866537900203721 /* FirebaseDatabase in Frameworks */,
				4C9DF9D22866537900203721 /* FirebaseFirestore in Frameworks */,
				4C9DF9CC2866537900203721 /* FirebaseAnalytics in Frameworks */,
				4C9DF9CE2866537900203721 /* FirebaseAuth in Frameworks */,
				4C9DF9D42866537900203721 /* FirebaseInAppMessaging-Beta in Frameworks */,
			);
			runOnlyForDeploymentPostprocessing = 0;
		};
/* End PBXFrameworksBuildPhase section */

/* Begin PBXGroup section */
		4C9DF9A8286652A900203721 = {
			isa = PBXGroup;
			children = (
				4C9DF9B3286652A900203721 /* OZLive */,
				4C9DF9B2286652A900203721 /* Products */,
			);
			sourceTree = "<group>";
		};
		4C9DF9B2286652A900203721 /* Products */ = {
			isa = PBXGroup;
			children = (
				4C9DF9B1286652A900203721 /* OZLive.app */,
			);
			name = Products;
			sourceTree = "<group>";
		};
		4C9DF9B3286652A900203721 /* OZLive */ = {
			isa = PBXGroup;
			children = (
				4C9DF9B4286652A900203721 /* AppDelegate.swift */,
				4C9DF9B6286652A900203721 /* SceneDelegate.swift */,
				4C9DF9B8286652A900203721 /* ViewController.swift */,
				4C9DF9C82866531800203721 /* GoogleService-Info.plist */,
				4C9DF9BD286652A900203721 /* Assets.xcassets */,
				4C9DF9BF286652A900203721 /* LaunchScreen.storyboard */,
				4C9DF9C2286652A900203721 /* Info.plist */,
			);
			path = OZLive;
			sourceTree = "<group>";
		};
/* End PBXGroup section */

/* Begin PBXNativeTarget section */
		4C9DF9B0286652A900203721 /* OZLive */ = {
			isa = PBXNativeTarget;
			buildConfigurationList = 4C9DF9C5286652A900203721 /* Build configuration list for PBXNativeTarget "OZLive" */;
			buildPhases = (
				4C9DF9AD286652A900203721 /* Sources */,
				4C9DF9AE286652A900203721 /* Frameworks */,
				4C9DF9AF286652A900203721 /* Resources */,
			);
			buildRules = (
			);
			dependencies = (
			);
			name = OZLive;
			packageProductDependencies = (
				4C9DF9CB2866537900203721 /* FirebaseAnalytics */,
				4C9DF9CD2866537900203721 /* FirebaseAuth */,
				4C9DF9CF2866537900203721 /* FirebaseDatabase */,
				4C9DF9D12866537900203721 /* FirebaseFirestore */,
				4C9DF9D32866537900203721 /* FirebaseInAppMessaging-Beta */,
			);
			productName = OZLive;
			productReference = 4C9DF9B1286652A900203721 /* OZLive.app */;
			productType = "com.apple.product-type.application";
		};
/* End PBXNativeTarget section */

/* Begin PBXProject section */
		4C9DF9A9286652A900203721 /* Project object */ = {
			isa = PBXProject;
			attributes = {
				BuildIndependentTargetsInParallel = 1;
				LastSwiftUpdateCheck = 1340;
				LastUpgradeCheck = 1340;
				TargetAttributes = {
					4C9DF9B0286652A900203721 = {
						CreatedOnToolsVersion = 13.4.1;
					};
				};
			};
			buildConfigurationList = 4C9DF9AC286652A900203721 /* Build configuration list for PBXProject "OZLive" */;
			compatibilityVersion = "Xcode 13.0";
			developmentRegion = en;
			hasScannedForEncodings = 0;
			knownRegions = (
				en,
				Base,
			);
			mainGroup = 4C9DF9A8286652A900203721;
			packageReferences = (
				4C9DF9CA2866537900203721 /* XCRemoteSwiftPackageReference "firebase-ios-sdk" */,
			);
			productRefGroup = 4C9DF9B2286652A900203721 /* Products */;
			projectDirPath = "";
			projectRoot = "";
			targets = (
				4C9DF9B0286652A900203721 /* OZLive */,
			);
		};
/* End PBXProject section */

/* Begin PBXResourcesBuildPhase section */
		4C9DF9AF286652A900203721 /* Resources */ = {
			isa = PBXResourcesBuildPhase;
			buildActionMask = 2147483647;
			files = (
				4C9DF9C1286652A900203721 /* LaunchScreen.storyboard in Resources */,
				4C9DF9BE286652A900203721 /* Assets.xcassets in Resources */,
				4C9DF9C92866531800203721 /* GoogleService-Info.plist in Resources */,
			);
			runOnlyForDeploymentPostprocessing = 0;
		};
/* End PBXResourcesBuildPhase section */

/* Begin PBXSourcesBuildPhase section */
		4C9DF9AD286652A900203721 /* Sources */ = {
			isa = PBXSourcesBuildPhase;
			buildActionMask = 2147483647;
			files = (
				4C9DF9B9286652A900203721 /* ViewController.swift in Sources */,
				4C9DF9B5286652A900203721 /* AppDelegate.swift in Sources */,
				4C9DF9B7286652A900203721 /* SceneDelegate.swift in Sources */,
			);
			runOnlyForDeploymentPostprocessing = 0;
		};
/* End PBXSourcesBuildPhase section */

/* Begin PBXVariantGroup section */
		4C9DF9BF286652A900203721 /* LaunchScreen.storyboard */ = {
			isa = PBXVariantGroup;
			children = (
				4C9DF9C0286652A900203721 /* Base */,
			);
			name = LaunchScreen.storyboard;
			sourceTree = "<group>";
		};
/* End PBXVariantGroup section */

/* Begin XCBuildConfiguration section */
		4C9DF9C3286652A900203721 /* Debug */ = {
			isa = XCBuildConfiguration;
			buildSettings = {
				ALWAYS_SEARCH_USER_PATHS = NO;
				CLANG_ANALYZER_NONNULL = YES;
				CLANG_ANALYZER_NUMBER_OBJECT_CONVERSION = YES_AGGRESSIVE;
				CLANG_CXX_LANGUAGE_STANDARD = "gnu++17";
				CLANG_ENABLE_MODULES = YES;
				CLANG_ENABLE_OBJC_ARC = YES;
				CLANG_ENABLE_OBJC_WEAK = YES;
				CLANG_WARN_BLOCK_CAPTURE_AUTORELEASING = YES;
				CLANG_WARN_BOOL_CONVERSION = YES;
				CLANG_WARN_COMMA = YES;
				CLANG_WARN_CONSTANT_CONVERSION = YES;
				CLANG_WARN_DEPRECATED_OBJC_IMPLEMENTATIONS = YES;
				CLANG_WARN_DIRECT_OBJC_ISA_USAGE = YES_ERROR;
				CLANG_WARN_DOCUMENTATION_COMMENTS = YES;
				CLANG_WARN_EMPTY_BODY = YES;
				CLANG_WARN_ENUM_CONVERSION = YES;
				CLANG_WARN_INFINITE_RECURSION = YES;
				CLANG_WARN_INT_CONVERSION = YES;
				CLANG_WARN_NON_LITERAL_NULL_CONVERSION = YES;
				CLANG_WARN_OBJC_IMPLICIT_RETAIN_SELF = YES;
				CLANG_WARN_OBJC_LITERAL_CONVERSION = YES;
				CLANG_WARN_OBJC_ROOT_CLASS = YES_ERROR;
				CLANG_WARN_QUOTED_INCLUDE_IN_FRAMEWORK_HEADER = YES;
				CLANG_WARN_RANGE_LOOP_ANALYSIS = YES;
				CLANG_WARN_STRICT_PROTOTYPES = YES;
				CLANG_WARN_SUSPICIOUS_MOVE = YES;
				CLANG_WARN_UNGUARDED_AVAILABILITY = YES_AGGRESSIVE;
				CLANG_WARN_UNREACHABLE_CODE = YES;
				CLANG_WARN__DUPLICATE_METHOD_MATCH = YES;
				COPY_PHASE_STRIP = NO;
				DEBUG_INFORMATION_FORMAT = dwarf;
				ENABLE_STRICT_OBJC_MSGSEND = YES;
				ENABLE_TESTABILITY = YES;
				GCC_C_LANGUAGE_STANDARD = gnu11;
				GCC_DYNAMIC_NO_PIC = NO;
				GCC_NO_COMMON_BLOCKS = YES;
				GCC_OPTIMIZATION_LEVEL = 0;
				GCC_PREPROCESSOR_DEFINITIONS = (
					"DEBUG=1",
					"$(inherited)",
				);
				GCC_WARN_64_TO_32_BIT_CONVERSION = YES;
				GCC_WARN_ABOUT_RETURN_TYPE = YES_ERROR;
				GCC_WARN_UNDECLARED_SELECTOR = YES;
				GCC_WARN_UNINITIALIZED_AUTOS = YES_AGGRESSIVE;
				GCC_WARN_UNUSED_FUNCTION = YES;
				GCC_WARN_UNUSED_VARIABLE = YES;
				IPHONEOS_DEPLOYMENT_TARGET = 15.5;
				MTL_ENABLE_DEBUG_INFO = INCLUDE_SOURCE;
				MTL_FAST_MATH = YES;
				ONLY_ACTIVE_ARCH = YES;
				SDKROOT = iphoneos;
				SWIFT_ACTIVE_COMPILATION_CONDITIONS = DEBUG;
				SWIFT_OPTIMIZATION_LEVEL = "-Onone";
			};
			name = Debug;
		};
		4C9DF9C4286652A900203721 /* Release */ = {
			isa = XCBuildConfiguration;
			buildSettings = {
				ALWAYS_SEARCH_USER_PATHS = NO;
				CLANG_ANALYZER_NONNULL = YES;
				CLANG_ANALYZER_NUMBER_OBJECT_CONVERSION = YES_AGGRESSIVE;
				CLANG_CXX_LANGUAGE_STANDARD = "gnu++17";
				CLANG_ENABLE_MODULES = YES;
				CLANG_ENABLE_OBJC_ARC = YES;
				CLANG_ENABLE_OBJC_WEAK = YES;
				CLANG_WARN_BLOCK_CAPTURE_AUTORELEASING = YES;
				CLANG_WARN_BOOL_CONVERSION = YES;
				CLANG_WARN_COMMA = YES;
				CLANG_WARN_CONSTANT_CONVERSION = YES;
				CLANG_WARN_DEPRECATED_OBJC_IMPLEMENTATIONS = YES;
				CLANG_WARN_DIRECT_OBJC_ISA_USAGE = YES_ERROR;
				CLANG_WARN_DOCUMENTATION_COMMENTS = YES;
				CLANG_WARN_EMPTY_BODY = YES;
				CLANG_WARN_ENUM_CONVERSION = YES;
				CLANG_WARN_INFINITE_RECURSION = YES;
				CLANG_WARN_INT_CONVERSION = YES;
				CLANG_WARN_NON_LITERAL_NULL_CONVERSION = YES;
				CLANG_WARN_OBJC_IMPLICIT_RETAIN_SELF = YES;
				CLANG_WARN_OBJC_LITERAL_CONVERSION = YES;
				CLANG_WARN_OBJC_ROOT_CLASS = YES_ERROR;
				CLANG_WARN_QUOTED_INCLUDE_IN_FRAMEWORK_HEADER = YES;
				CLANG_WARN_RANGE_LOOP_ANALYSIS = YES;
				CLANG_WARN_STRICT_PROTOTYPES = YES;
				CLANG_WARN_SUSPICIOUS_MOVE = YES;
				CLANG_WARN_UNGUARDED_AVAILABILITY = YES_AGGRESSIVE;
				CLANG_WARN_UNREACHABLE_CODE = YES;
				CLANG_WARN__DUPLICATE_METHOD_MATCH = YES;
				COPY_PHASE_STRIP = NO;
				DEBUG_INFORMATION_FORMAT = "dwarf-with-dsym";
				ENABLE_NS_ASSERTIONS = NO;
				ENABLE_STRICT_OBJC_MSGSEND = YES;
				GCC_C_LANGUAGE_STANDARD = gnu11;
				GCC_NO_COMMON_BLOCKS = YES;
				GCC_WARN_64_TO_32_BIT_CONVERSION = YES;
				GCC_WARN_ABOUT_RETURN_TYPE = YES_ERROR;
				GCC_WARN_UNDECLARED_SELECTOR = YES;
				GCC_WARN_UNINITIALIZED_AUTOS = YES_AGGRESSIVE;
				GCC_WARN_UNUSED_FUNCTION = YES;
				GCC_WARN_UNUSED_VARIABLE = YES;
				IPHONEOS_DEPLOYMENT_TARGET = 15.5;
				MTL_ENABLE_DEBUG_INFO = NO;
				MTL_FAST_MATH = YES;
				SDKROOT = iphoneos;
				SWIFT_COMPILATION_MODE = wholemodule;
				SWIFT_OPTIMIZATION_LEVEL = "-O";
				VALIDATE_PRODUCT = YES;
			};
			name = Release;
		};
		4C9DF9C6286652A900203721 /* Debug */ = {
			isa = XCBuildConfiguration;
			buildSettings = {
				ASSETCATALOG_COMPILER_APPICON_NAME = AppIcon;
				ASSETCATALOG_COMPILER_GLOBAL_ACCENT_COLOR_NAME = AccentColor;
				CODE_SIGN_STYLE = Automatic;
				CURRENT_PROJECT_VERSION = 1;
				DEVELOPMENT_TEAM = 3LD7T3B393;
				GENERATE_INFOPLIST_FILE = YES;
				INFOPLIST_FILE = OZLive/Info.plist;
				INFOPLIST_KEY_UIApplicationSupportsIndirectInputEvents = YES;
				INFOPLIST_KEY_UILaunchStoryboardName = LaunchScreen;
				INFOPLIST_KEY_UISupportedInterfaceOrientations_iPad = "UIInterfaceOrientationPortrait UIInterfaceOrientationPortraitUpsideDown UIInterfaceOrientationLandscapeLeft UIInterfaceOrientationLandscapeRight";
				INFOPLIST_KEY_UISupportedInterfaceOrientations_iPhone = "UIInterfaceOrientationPortrait UIInterfaceOrientationLandscapeLeft UIInterfaceOrientationLandscapeRight";
				LD_RUNPATH_SEARCH_PATHS = (
					"$(inherited)",
					"@executable_path/Frameworks",
				);
				MARKETING_VERSION = 1.0;
				PRODUCT_BUNDLE_IDENTIFIER = com.olijujuangreen.OZLive;
				PRODUCT_NAME = "$(TARGET_NAME)";
				SWIFT_EMIT_LOC_STRINGS = YES;
				SWIFT_VERSION = 5.0;
				TARGETED_DEVICE_FAMILY = "1,2";
			};
			name = Debug;
		};
		4C9DF9C7286652A900203721 /* Release */ = {
			isa = XCBuildConfiguration;
			buildSettings = {
				ASSETCATALOG_COMPILER_APPICON_NAME = AppIcon;
				ASSETCATALOG_COMPILER_GLOBAL_ACCENT_COLOR_NAME = AccentColor;
				CODE_SIGN_STYLE = Automatic;
				CURRENT_PROJECT_VERSION = 1;
				DEVELOPMENT_TEAM = 3LD7T3B393;
				GENERATE_INFOPLIST_FILE = YES;
				INFOPLIST_FILE = OZLive/Info.plist;
				INFOPLIST_KEY_UIApplicationSupportsIndirectInputEvents = YES;
				INFOPLIST_KEY_UILaunchStoryboardName = LaunchScreen;
				INFOPLIST_KEY_UISupportedInterfaceOrientations_iPad = "UIInterfaceOrientationPortrait UIInterfaceOrientationPortraitUpsideDown UIInterfaceOrientationLandscapeLeft UIInterfaceOrientationLandscapeRight";
				INFOPLIST_KEY_UISupportedInterfaceOrientations_iPhone = "UIInterfaceOrientationPortrait UIInterfaceOrientationLandscapeLeft UIInterfaceOrientationLandscapeRight";
				LD_RUNPATH_SEARCH_PATHS = (
					"$(inherited)",
					"@executable_path/Frameworks",
				);
				MARKETING_VERSION = 1.0;
				PRODUCT_BUNDLE_IDENTIFIER = com.olijujuangreen.OZLive;
				PRODUCT_NAME = "$(TARGET_NAME)";
				SWIFT_EMIT_LOC_STRINGS = YES;
				SWIFT_VERSION = 5.0;
				TARGETED_DEVICE_FAMILY = "1,2";
			};
			name = Release;
		};
/* End XCBuildConfiguration section */

/* Begin XCConfigurationList section */
		4C9DF9AC286652A900203721 /* Build configuration list for PBXProject "OZLive" */ = {
			isa = XCConfigurationList;
			buildConfigurations = (
				4C9DF9C3286652A900203721 /* Debug */,
				4C9DF9C4286652A900203721 /* Release */,
			);
			defaultConfigurationIsVisible = 0;
			defaultConfigurationName = Release;
		};
		4C9DF9C5286652A900203721 /* Build configuration list for PBXNativeTarget "OZLive" */ = {
			isa = XCConfigurationList;
			buildConfigurations = (
				4C9DF9C6286652A900203721 /* Debug */,
				4C9DF9C7286652A900203721 /* Release */,
			);
			defaultConfigurationIsVisible = 0;
			defaultConfigurationName = Release;
		};
/* End XCConfigurationList section */

/* Begin XCRemoteSwiftPackageReference section */
		4C9DF9CA2866537900203721 /* XCRemoteSwiftPackageReference "firebase-ios-sdk" */ = {
			isa = XCRemoteSwiftPackageReference;
			repositoryURL = "https://github.com/firebase/firebase-ios-sdk";
			requirement = {
				branch = master;
				kind = branch;
			};
		};
/* End XCRemoteSwiftPackageReference section */

/* Begin XCSwiftPackageProductDependency section */
		4C9DF9CB2866537900203721 /* FirebaseAnalytics */ = {
			isa = XCSwiftPackageProductDependency;
			package = 4C9DF9CA2866537900203721 /* XCRemoteSwiftPackageReference "firebase-ios-sdk" */;
			productName = FirebaseAnalytics;
		};
		4C9DF9CD2866537900203721 /* FirebaseAuth */ = {
			isa = XCSwiftPackageProductDependency;
			package = 4C9DF9CA2866537900203721 /* XCRemoteSwiftPackageReference "firebase-ios-sdk" */;
			productName = FirebaseAuth;
		};
		4C9DF9CF2866537900203721 /* FirebaseDatabase */ = {
			isa = XCSwiftPackageProductDependency;
			package = 4C9DF9CA2866537900203721 /* XCRemoteSwiftPackageReference "firebase-ios-sdk" */;
			productName = FirebaseDatabase;
		};
		4C9DF9D12866537900203721 /* FirebaseFirestore */ = {
			isa = XCSwiftPackageProductDependency;
			package = 4C9DF9CA2866537900203721 /* XCRemoteSwiftPackageReference "firebase-ios-sdk" */;
			productName = FirebaseFirestore;
		};
		4C9DF9D32866537900203721 /* FirebaseInAppMessaging-Beta */ = {
			isa = XCSwiftPackageProductDependency;
			package = 4C9DF9CA2866537900203721 /* XCRemoteSwiftPackageReference "firebase-ios-sdk" */;
			productName = "FirebaseInAppMessaging-Beta";
		};
/* End XCSwiftPackageProductDependency section */
	};
	rootObject = 4C9DF9A9286652A900203721 /* Project object */;
}
